
Microsoft Visual Studio Solution File, Format Version 12.00
# Visual Studio Version 17
VisualStudioVersion = 17.3.32901.215
MinimumVisualStudioVersion = 10.0.40219.1
Project("{FAE04EC0-301F-11D3-BF4B-00C04F79EFBC}") = "button.18", "button.18\button.18.csproj", "{AF6FFF06-A644-426F-802E-8B7253916707}"
EndProject
Global
	GlobalSection(SolutionConfigurationPlatforms) = preSolution
		Debug|Any CPU = Debug|Any CPU
		Release|Any CPU = Release|Any CPU
	EndGlobalSection
	GlobalSection(ProjectConfigurationPlatforms) = postSolution
		{AF6FFF06-A644-426F-802E-8B7253916707}.Debug|Any CPU.ActiveCfg = Debug|Any CPU
		{AF6FFF06-A644-426F-802E-8B7253916707}.Debug|Any CPU.Build.0 = Debug|Any CPU
		{AF6FFF06-A644-426F-802E-8B7253916707}.Release|Any CPU.ActiveCfg = Release|Any CPU
		{AF6FFF06-A644-426F-802E-8B7253916707}.Release|Any CPU.Build.0 = Release|Any CPU
	EndGlobalSection
	GlobalSection(SolutionProperties) = preSolution
		HideSolutionNode = FALSE
	EndGlobalSection
	GlobalSection(ExtensibilityGlobals) = postSolution
		SolutionGuid = {C8C3DA7F-1DA0-466D-9A63-624FA3B321B7}
	EndGlobalSection
EndGlobal
